// !$*UTF8*$!
{
	archiveVersion = 1;
	classes = {
	};
	objectVersion = 46;
	objects = {

/* Begin PBXBuildFile section */
		A81AEEB21D0FFF2500159300 /* AppDelegate.swift in Sources */ = {isa = PBXBuildFile; fileRef = A81AEEB11D0FFF2500159300 /* AppDelegate.swift */; };
		A81AEEB41D0FFF2500159300 /* ViewController.swift in Sources */ = {isa = PBXBuildFile; fileRef = A81AEEB31D0FFF2500159300 /* ViewController.swift */; };
		A81AEEB71D0FFF2500159300 /* Main.storyboard in Resources */ = {isa = PBXBuildFile; fileRef = A81AEEB51D0FFF2500159300 /* Main.storyboard */; };
		A81AEEBA1D0FFF2500159300 /* instagram.xcdatamodeld in Sources */ = {isa = PBXBuildFile; fileRef = A81AEEB81D0FFF2500159300 /* instagram.xcdatamodeld */; };
		A81AEEBC1D0FFF2500159300 /* Assets.xcassets in Resources */ = {isa = PBXBuildFile; fileRef = A81AEEBB1D0FFF2500159300 /* Assets.xcassets */; };
		A81AEEBF1D0FFF2500159300 /* LaunchScreen.storyboard in Resources */ = {isa = PBXBuildFile; fileRef = A81AEEBD1D0FFF2500159300 /* LaunchScreen.storyboard */; };
		A81AEECA1D0FFF2500159300 /* instagramTests.swift in Sources */ = {isa = PBXBuildFile; fileRef = A81AEEC91D0FFF2500159300 /* instagramTests.swift */; };
		A81AEED51D0FFF2500159300 /* instagramUITests.swift in Sources */ = {isa = PBXBuildFile; fileRef = A81AEED41D0FFF2500159300 /* instagramUITests.swift */; };
/* End PBXBuildFile section */

/* Begin PBXContainerItemProxy section */
		A81AEEC61D0FFF2500159300 /* PBXContainerItemProxy */ = {
			isa = PBXContainerItemProxy;
			containerPortal = A81AEEA61D0FFF2500159300 /* Project object */;
			proxyType = 1;
			remoteGlobalIDString = A81AEEAD1D0FFF2500159300;
			remoteInfo = instagram;
		};
		A81AEED11D0FFF2500159300 /* PBXContainerItemProxy */ = {
			isa = PBXContainerItemProxy;
			containerPortal = A81AEEA61D0FFF2500159300 /* Project object */;
			proxyType = 1;
			remoteGlobalIDString = A81AEEAD1D0FFF2500159300;
			remoteInfo = instagram;
		};
/* End PBXContainerItemProxy section */

/* Begin PBXFileReference section */
		A81AEEAE1D0FFF2500159300 /* instagram.app */ = {isa = PBXFileReference; explicitFileType = wrapper.application; includeInIndex = 0; path = instagram.app; sourceTree = BUILT_PRODUCTS_DIR; };
		A81AEEB11D0FFF2500159300 /* AppDelegate.swift */ = {isa = PBXFileReference; lastKnownFileType = sourcecode.swift; path = AppDelegate.swift; sourceTree = "<group>"; };
		A81AEEB31D0FFF2500159300 /* ViewController.swift */ = {isa = PBXFileReference; lastKnownFileType = sourcecode.swift; path = ViewController.swift; sourceTree = "<group>"; };
		A81AEEB61D0FFF2500159300 /* Base */ = {isa = PBXFileReference; lastKnownFileType = file.storyboard; name = Base; path = Base.lproj/Main.storyboard; sourceTree = "<group>"; };
		A81AEEB91D0FFF2500159300 /* instagram.xcdatamodel */ = {isa = PBXFileReference; lastKnownFileType = wrapper.xcdatamodel; path = instagram.xcdatamodel; sourceTree = "<group>"; };
		A81AEEBB1D0FFF2500159300 /* Assets.xcassets */ = {isa = PBXFileReference; lastKnownFileType = folder.assetcatalog; path = Assets.xcassets; sourceTree = "<group>"; };
		A81AEEBE1D0FFF2500159300 /* Base */ = {isa = PBXFileReference; lastKnownFileType = file.storyboard; name = Base; path = Base.lproj/LaunchScreen.storyboard; sourceTree = "<group>"; };
		A81AEEC01D0FFF2500159300 /* Info.plist */ = {isa = PBXFileReference; lastKnownFileType = text.plist.xml; path = Info.plist; sourceTree = "<group>"; };
		A81AEEC51D0FFF2500159300 /* instagramTests.xctest */ = {isa = PBXFileReference; explicitFileType = wrapper.cfbundle; includeInIndex = 0; path = instagramTests.xctest; sourceTree = BUILT_PRODUCTS_DIR; };
		A81AEEC91D0FFF2500159300 /* instagramTests.swift */ = {isa = PBXFileReference; lastKnownFileType = sourcecode.swift; path = instagramTests.swift; sourceTree = "<group>"; };
		A81AEECB1D0FFF2500159300 /* Info.plist */ = {isa = PBXFileReference; lastKnownFileType = text.plist.xml; path = Info.plist; sourceTree = "<group>"; };
		A81AEED01D0FFF2500159300 /* instagramUITests.xctest */ = {isa = PBXFileReference; explicitFileType = wrapper.cfbundle; includeInIndex = 0; path = instagramUITests.xctest; sourceTree = BUILT_PRODUCTS_DIR; };
		A81AEED41D0FFF2500159300 /* instagramUITests.swift */ = {isa = PBXFileReference; lastKnownFileType = sourcecode.swift; path = instagramUITests.swift; sourceTree = "<group>"; };
		A81AEED61D0FFF2500159300 /* Info.plist */ = {isa = PBXFileReference; lastKnownFileType = text.plist.xml; path = Info.plist; sourceTree = "<group>"; };
/* End PBXFileReference section */

/* Begin PBXFrameworksBuildPhase section */
		A81AEEAB1D0FFF2500159300 /* Frameworks */ = {
			isa = PBXFrameworksBuildPhase;
			buildActionMask = 2147483647;
			files = (
			);
			runOnlyForDeploymentPostprocessing = 0;
		};
		A81AEEC21D0FFF2500159300 /* Frameworks */ = {
			isa = PBXFrameworksBuildPhase;
			buildActionMask = 2147483647;
			files = (
			);
			runOnlyForDeploymentPostprocessing = 0;
		};
		A81AEECD1D0FFF2500159300 /* Frameworks */ = {
			isa = PBXFrameworksBuildPhase;
			buildActionMask = 2147483647;
			files = (
			);
			runOnlyForDeploymentPostprocessing = 0;
		};
/* End PBXFrameworksBuildPhase section */

/* Begin PBXGroup section */
		A81AEEA51D0FFF2500159300 = {
			isa = PBXGroup;
			children = (
				A81AEEB01D0FFF2500159300 /* instagram */,
				A81AEEC81D0FFF2500159300 /* instagramTests */,
				A81AEED31D0FFF2500159300 /* instagramUITests */,
				A81AEEAF1D0FFF2500159300 /* Products */,
			);
			sourceTree = "<group>";
		};
		A81AEEAF1D0FFF2500159300 /* Products */ = {
			isa = PBXGroup;
			children = (
				A81AEEAE1D0FFF2500159300 /* instagram.app */,
				A81AEEC51D0FFF2500159300 /* instagramTests.xctest */,
				A81AEED01D0FFF2500159300 /* instagramUITests.xctest */,
			);
			name = Products;
			sourceTree = "<group>";
		};
		A81AEEB01D0FFF2500159300 /* instagram */ = {
			isa = PBXGroup;
			children = (
				A81AEEB11D0FFF2500159300 /* AppDelegate.swift */,
				A81AEEB31D0FFF2500159300 /* ViewController.swift */,
				A81AEEB51D0FFF2500159300 /* Main.storyboard */,
				A81AEEBB1D0FFF2500159300 /* Assets.xcassets */,
				A81AEEBD1D0FFF2500159300 /* LaunchScreen.storyboard */,
				A81AEEC01D0FFF2500159300 /* Info.plist */,
				A81AEEB81D0FFF2500159300 /* instagram.xcdatamodeld */,
			);
			path = instagram;
			sourceTree = "<group>";
		};
		A81AEEC81D0FFF2500159300 /* instagramTests */ = {
			isa = PBXGroup;
			children = (
				A81AEEC91D0FFF2500159300 /* instagramTests.swift */,
				A81AEECB1D0FFF2500159300 /* Info.plist */,
			);
			path = instagramTests;
			sourceTree = "<group>";
		};
		A81AEED31D0FFF2500159300 /* instagramUITests */ = {
			isa = PBXGroup;
			children = (
				A81AEED41D0FFF2500159300 /* instagramUITests.swift */,
				A81AEED61D0FFF2500159300 /* Info.plist */,
			);
			path = instagramUITests;
			sourceTree = "<group>";
		};
/* End PBXGroup section */

/* Begin PBXNativeTarget section */
		A81AEEAD1D0FFF2500159300 /* instagram */ = {
			isa = PBXNativeTarget;
			buildConfigurationList = A81AEED91D0FFF2500159300 /* Build configuration list for PBXNativeTarget "instagram" */;
			buildPhases = (
				A81AEEAA1D0FFF2500159300 /* Sources */,
				A81AEEAB1D0FFF2500159300 /* Frameworks */,
				A81AEEAC1D0FFF2500159300 /* Resources */,
			);
			buildRules = (
			);
			dependencies = (
			);
			name = instagram;
			productName = instagram;
			productReference = A81AEEAE1D0FFF2500159300 /* instagram.app */;
			productType = "com.apple.product-type.application";
		};
		A81AEEC41D0FFF2500159300 /* instagramTests */ = {
			isa = PBXNativeTarget;
			buildConfigurationList = A81AEEDC1D0FFF2500159300 /* Build configuration list for PBXNativeTarget "instagramTests" */;
			buildPhases = (
				A81AEEC11D0FFF2500159300 /* Sources */,
				A81AEEC21D0FFF2500159300 /* Frameworks */,
				A81AEEC31D0FFF2500159300 /* Resources */,
			);
			buildRules = (
			);
			dependencies = (
				A81AEEC71D0FFF2500159300 /* PBXTargetDependency */,
			);
			name = instagramTests;
			productName = instagramTests;
			productReference = A81AEEC51D0FFF2500159300 /* instagramTests.xctest */;
			productType = "com.apple.product-type.bundle.unit-test";
		};
		A81AEECF1D0FFF2500159300 /* instagramUITests */ = {
			isa = PBXNativeTarget;
			buildConfigurationList = A81AEEDF1D0FFF2500159300 /* Build configuration list for PBXNativeTarget "instagramUITests" */;
			buildPhases = (
				A81AEECC1D0FFF2500159300 /* Sources */,
				A81AEECD1D0FFF2500159300 /* Frameworks */,
				A81AEECE1D0FFF2500159300 /* Resources */,
			);
			buildRules = (
			);
			dependencies = (
				A81AEED21D0FFF2500159300 /* PBXTargetDependency */,
			);
			name = instagramUITests;
			productName = instagramUITests;
			productReference = A81AEED01D0FFF2500159300 /* instagramUITests.xctest */;
			productType = "com.apple.product-type.bundle.ui-testing";
		};
/* End PBXNativeTarget section */

/* Begin PBXProject section */
		A81AEEA61D0FFF2500159300 /* Project object */ = {
			isa = PBXProject;
			attributes = {
				LastSwiftUpdateCheck = 0730;
				LastUpgradeCheck = 0730;
				ORGANIZATIONNAME = "Abid Amirali";
				TargetAttributes = {
					A81AEEAD1D0FFF2500159300 = {
						CreatedOnToolsVersion = 7.3.1;
						DevelopmentTeam = ZNW8WQ3KY9;
					};
					A81AEEC41D0FFF2500159300 = {
						CreatedOnToolsVersion = 7.3.1;
						DevelopmentTeam = ZNW8WQ3KY9;
						TestTargetID = A81AEEAD1D0FFF2500159300;
					};
					A81AEECF1D0FFF2500159300 = {
						CreatedOnToolsVersion = 7.3.1;
						DevelopmentTeam = ZNW8WQ3KY9;
						TestTargetID = A81AEEAD1D0FFF2500159300;
					};
				};
			};
			buildConfigurationList = A81AEEA91D0FFF2500159300 /* Build configuration list for PBXProject "instagram" */;
			compatibilityVersion = "Xcode 3.2";
			developmentRegion = English;
			hasScannedForEncodings = 0;
			knownRegions = (
				en,
				Base,
			);
			mainGroup = A81AEEA51D0FFF2500159300;
			productRefGroup = A81AEEAF1D0FFF2500159300 /* Products */;
			projectDirPath = "";
			projectRoot = "";
			targets = (
				A81AEEAD1D0FFF2500159300 /* instagram */,
				A81AEEC41D0FFF2500159300 /* instagramTests */,
				A81AEECF1D0FFF2500159300 /* instagramUITests */,
			);
		};
/* End PBXProject section */

/* Begin PBXResourcesBuildPhase section */
		A81AEEAC1D0FFF2500159300 /* Resources */ = {
			isa = PBXResourcesBuildPhase;
			buildActionMask = 2147483647;
			files = (
				A81AEEBF1D0FFF2500159300 /* LaunchScreen.storyboard in Resources */,
				A81AEEBC1D0FFF2500159300 /* Assets.xcassets in Resources */,
				A81AEEB71D0FFF2500159300 /* Main.storyboard in Resources */,
			);
			runOnlyForDeploymentPostprocessing = 0;
		};
		A81AEEC31D0FFF2500159300 /* Resources */ = {
			isa = PBXResourcesBuildPhase;
			buildActionMask = 2147483647;
			files = (
			);
			runOnlyForDeploymentPostprocessing = 0;
		};
		A81AEECE1D0FFF2500159300 /* Resources */ = {
			isa = PBXResourcesBuildPhase;
			buildActionMask = 2147483647;
			files = (
			);
			runOnlyForDeploymentPostprocessing = 0;
		};
/* End PBXResourcesBuildPhase section */

/* Begin PBXSourcesBuildPhase section */
		A81AEEAA1D0FFF2500159300 /* Sources */ = {
			isa = PBXSourcesBuildPhase;
			buildActionMask = 2147483647;
			files = (
				A81AEEB41D0FFF2500159300 /* ViewController.swift in Sources */,
				A81AEEB21D0FFF2500159300 /* AppDelegate.swift in Sources */,
				A81AEEBA1D0FFF2500159300 /* instagram.xcdatamodeld in Sources */,
			);
			runOnlyForDeploymentPostprocessing = 0;
		};
		A81AEEC11D0FFF2500159300 /* Sources */ = {
			isa = PBXSourcesBuildPhase;
			buildActionMask = 2147483647;
			files = (
				A81AEECA1D0FFF2500159300 /* instagramTests.swift in Sources */,
			);
			runOnlyForDeploymentPostprocessing = 0;
		};
		A81AEECC1D0FFF2500159300 /* Sources */ = {
			isa = PBXSourcesBuildPhase;
			buildActionMask = 2147483647;
			files = (
				A81AEED51D0FFF2500159300 /* instagramUITests.swift in Sources */,
			);
			runOnlyForDeploymentPostprocessing = 0;
		};
/* End PBXSourcesBuildPhase section */

/* Begin PBXTargetDependency section */
		A81AEEC71D0FFF2500159300 /* PBXTargetDependency */ = {
			isa = PBXTargetDependency;
			target = A81AEEAD1D0FFF2500159300 /* instagram */;
			targetProxy = A81AEEC61D0FFF2500159300 /* PBXContainerItemProxy */;
		};
		A81AEED21D0FFF2500159300 /* PBXTargetDependency */ = {
			isa = PBXTargetDependency;
			target = A81AEEAD1D0FFF2500159300 /* instagram */;
			targetProxy = A81AEED11D0FFF2500159300 /* PBXContainerItemProxy */;
		};
/* End PBXTargetDependency section */

/* Begin PBXVariantGroup section */
		A81AEEB51D0FFF2500159300 /* Main.storyboard */ = {
			isa = PBXVariantGroup;
			children = (
				A81AEEB61D0FFF2500159300 /* Base */,
			);
			name = Main.storyboard;
			sourceTree = "<group>";
		};
		A81AEEBD1D0FFF2500159300 /* LaunchScreen.storyboard */ = {
			isa = PBXVariantGroup;
			children = (
				A81AEEBE1D0FFF2500159300 /* Base */,
			);
			name = LaunchScreen.storyboard;
			sourceTree = "<group>";
		};
/* End PBXVariantGroup section */

/* Begin XCBuildConfiguration section */
		A81AEED71D0FFF2500159300 /* Debug */ = {
			isa = XCBuildConfiguration;
			buildSettings = {
				ALWAYS_SEARCH_USER_PATHS = NO;
				CLANG_ANALYZER_NONNULL = YES;
				CLANG_CXX_LANGUAGE_STANDARD = "gnu++0x";
				CLANG_CXX_LIBRARY = "libc++";
				CLANG_ENABLE_MODULES = YES;
				CLANG_ENABLE_OBJC_ARC = YES;
				CLANG_WARN_BOOL_CONVERSION = YES;
				CLANG_WARN_CONSTANT_CONVERSION = YES;
				CLANG_WARN_DIRECT_OBJC_ISA_USAGE = YES_ERROR;
				CLANG_WARN_EMPTY_BODY = YES;
				CLANG_WARN_ENUM_CONVERSION = YES;
				CLANG_WARN_INT_CONVERSION = YES;
				CLANG_WARN_OBJC_ROOT_CLASS = YES_ERROR;
				CLANG_WARN_UNREACHABLE_CODE = YES;
				CLANG_WARN__DUPLICATE_METHOD_MATCH = YES;
				"CODE_SIGN_IDENTITY[sdk=iphoneos*]" = "iPhone Developer";
				COPY_PHASE_STRIP = NO;
				DEBUG_INFORMATION_FORMAT = dwarf;
				ENABLE_STRICT_OBJC_MSGSEND = YES;
				ENABLE_TESTABILITY = YES;
				GCC_C_LANGUAGE_STANDARD = gnu99;
				GCC_DYNAMIC_NO_PIC = NO;
				GCC_NO_COMMON_BLOCKS = YES;
				GCC_OPTIMIZATION_LEVEL = 0;
				GCC_PREPROCESSOR_DEFINITIONS = (
					"DEBUG=1",
					"$(inherited)",
				);
				GCC_WARN_64_TO_32_BIT_CONVERSION = YES;
				GCC_WARN_ABOUT_RETURN_TYPE = YES_ERROR;
				GCC_WARN_UNDECLARED_SELECTOR = YES;
				GCC_WARN_UNINITIALIZED_AUTOS = YES_AGGRESSIVE;
				GCC_WARN_UNUSED_FUNCTION = YES;
				GCC_WARN_UNUSED_VARIABLE = YES;
				IPHONEOS_DEPLOYMENT_TARGET = 9.3;
				MTL_ENABLE_DEBUG_INFO = YES;
				ONLY_ACTIVE_ARCH = YES;
				SDKROOT = iphoneos;
				SWIFT_OPTIMIZATION_LEVEL = "-Onone";
				TARGETED_DEVICE_FAMILY = "1,2";
			};
			name = Debug;
		};
		A81AEED81D0FFF2500159300 /* Release */ = {
			isa = XCBuildConfiguration;
			buildSettings = {
				ALWAYS_SEARCH_USER_PATHS = NO;
				CLANG_ANALYZER_NONNULL = YES;
				CLANG_CXX_LANGUAGE_STANDARD = "gnu++0x";
				CLANG_CXX_LIBRARY = "libc++";
				CLANG_ENABLE_MODULES = YES;
				CLANG_ENABLE_OBJC_ARC = YES;
				CLANG_WARN_BOOL_CONVERSION = YES;
				CLANG_WARN_CONSTANT_CONVERSION = YES;
				CLANG_WARN_DIRECT_OBJC_ISA_USAGE = YES_ERROR;
				CLANG_WARN_EMPTY_BODY = YES;
				CLANG_WARN_ENUM_CONVERSION = YES;
				CLANG_WARN_INT_CONVERSION = YES;
				CLANG_WARN_OBJC_ROOT_CLASS = YES_ERROR;
				CLANG_WARN_UNREACHABLE_CODE = YES;
				CLANG_WARN__DUPLICATE_METHOD_MATCH = YES;
				"CODE_SIGN_IDENTITY[sdk=iphoneos*]" = "iPhone Developer";
				COPY_PHASE_STRIP = NO;
				DEBUG_INFORMATION_FORMAT = "dwarf-with-dsym";
				ENABLE_NS_ASSERTIONS = NO;
				ENABLE_STRICT_OBJC_MSGSEND = YES;
				GCC_C_LANGUAGE_STANDARD = gnu99;
				GCC_NO_COMMON_BLOCKS = YES;
				GCC_WARN_64_TO_32_BIT_CONVERSION = YES;
				GCC_WARN_ABOUT_RETURN_TYPE = YES_ERROR;
				GCC_WARN_UNDECLARED_SELECTOR = YES;
				GCC_WARN_UNINITIALIZED_AUTOS = YES_AGGRESSIVE;
				GCC_WARN_UNUSED_FUNCTION = YES;
				GCC_WARN_UNUSED_VARIABLE = YES;
				IPHONEOS_DEPLOYMENT_TARGET = 9.3;
				MTL_ENABLE_DEBUG_INFO = NO;
				SDKROOT = iphoneos;
				TARGETED_DEVICE_FAMILY = "1,2";
				VALIDATE_PRODUCT = YES;
			};
			name = Release;
		};
		A81AEEDA1D0FFF2500159300 /* Debug */ = {
			isa = XCBuildConfiguration;
			buildSettings = {
				ASSETCATALOG_COMPILER_APPICON_NAME = AppIcon;
				INFOPLIST_FILE = instagram/Info.plist;
				LD_RUNPATH_SEARCH_PATHS = "$(inherited) @executable_path/Frameworks";
				PRODUCT_BUNDLE_IDENTIFIER = akaisani.instagram;
				PRODUCT_NAME = "$(TARGET_NAME)";
			};
			name = Debug;
		};
		A81AEEDB1D0FFF2500159300 /* Release */ = {
			isa = XCBuildConfiguration;
			buildSettings = {
				ASSETCATALOG_COMPILER_APPICON_NAME = AppIcon;
				INFOPLIST_FILE = instagram/Info.plist;
				LD_RUNPATH_SEARCH_PATHS = "$(inherited) @executable_path/Frameworks";
				PRODUCT_BUNDLE_IDENTIFIER = akaisani.instagram;
				PRODUCT_NAME = "$(TARGET_NAME)";
			};
			name = Release;
		};
		A81AEEDD1D0FFF2500159300 /* Debug */ = {
			isa = XCBuildConfiguration;
			buildSettings = {
				BUNDLE_LOADER = "$(TEST_HOST)";
				INFOPLIST_FILE = instagramTests/Info.plist;
				LD_RUNPATH_SEARCH_PATHS = "$(inherited) @executable_path/Frameworks @loader_path/Frameworks";
				PRODUCT_BUNDLE_IDENTIFIER = akaisani.instagramTests;
				PRODUCT_NAME = "$(TARGET_NAME)";
				TEST_HOST = "$(BUILT_PRODUCTS_DIR)/instagram.app/instagram";
			};
			name = Debug;
		};
		A81AEEDE1D0FFF2500159300 /* Release */ = {
			isa = XCBuildConfiguration;
			buildSettings = {
				BUNDLE_LOADER = "$(TEST_HOST)";
				INFOPLIST_FILE = instagramTests/Info.plist;
				LD_RUNPATH_SEARCH_PATHS = "$(inherited) @executable_path/Frameworks @loader_path/Frameworks";
				PRODUCT_BUNDLE_IDENTIFIER = akaisani.instagramTests;
				PRODUCT_NAME = "$(TARGET_NAME)";
				TEST_HOST = "$(BUILT_PRODUCTS_DIR)/instagram.app/instagram";
			};
			name = Release;
		};
		A81AEEE01D0FFF2500159300 /* Debug */ = {
			isa = XCBuildConfiguration;
			buildSettings = {
				INFOPLIST_FILE = instagramUITests/Info.plist;
				LD_RUNPATH_SEARCH_PATHS = "$(inherited) @executable_path/Frameworks @loader_path/Frameworks";
				PRODUCT_BUNDLE_IDENTIFIER = akaisani.instagramUITests;
				PRODUCT_NAME = "$(TARGET_NAME)";
				TEST_TARGET_NAME = instagram;
			};
			name = Debug;
		};
		A81AEEE11D0FFF2500159300 /* Release */ = {
			isa = XCBuildConfiguration;
			buildSettings = {
				INFOPLIST_FILE = instagramUITests/Info.plist;
				LD_RUNPATH_SEARCH_PATHS = "$(inherited) @executable_path/Frameworks @loader_path/Frameworks";
				PRODUCT_BUNDLE_IDENTIFIER = akaisani.instagramUITests;
				PRODUCT_NAME = "$(TARGET_NAME)";
				TEST_TARGET_NAME = instagram;
			};
			name = Release;
		};
/* End XCBuildConfiguration section */

/* Begin XCConfigurationList section */
		A81AEEA91D0FFF2500159300 /* Build configuration list for PBXProject "instagram" */ = {
			isa = XCConfigurationList;
			buildConfigurations = (
				A81AEED71D0FFF2500159300 /* Debug */,
				A81AEED81D0FFF2500159300 /* Release */,
			);
			defaultConfigurationIsVisible = 0;
			defaultConfigurationName = Release;
		};
		A81AEED91D0FFF2500159300 /* Build configuration list for PBXNativeTarget "instagram" */ = {
			isa = XCConfigurationList;
			buildConfigurations = (
				A81AEEDA1D0FFF2500159300 /* Debug */,
				A81AEEDB1D0FFF2500159300 /* Release */,
			);
			defaultConfigurationIsVisible = 0;
		};
		A81AEEDC1D0FFF2500159300 /* Build configuration list for PBXNativeTarget "instagramTests" */ = {
			isa = XCConfigurationList;
			buildConfigurations = (
				A81AEEDD1D0FFF2500159300 /* Debug */,
				A81AEEDE1D0FFF2500159300 /* Release */,
			);
			defaultConfigurationIsVisible = 0;
		};
		A81AEEDF1D0FFF2500159300 /* Build configuration list for PBXNativeTarget "instagramUITests" */ = {
			isa = XCConfigurationList;
			buildConfigurations = (
				A81AEEE01D0FFF2500159300 /* Debug */,
				A81AEEE11D0FFF2500159300 /* Release */,
			);
			defaultConfigurationIsVisible = 0;
		};
/* End XCConfigurationList section */

/* Begin XCVersionGroup section */
		A81AEEB81D0FFF2500159300 /* instagram.xcdatamodeld */ = {
			isa = XCVersionGroup;
			children = (
				A81AEEB91D0FFF2500159300 /* instagram.xcdatamodel */,
			);
			currentVersion = A81AEEB91D0FFF2500159300 /* instagram.xcdatamodel */;
			path = instagram.xcdatamodeld;
			sourceTree = "<group>";
			versionGroupType = wrapper.xcdatamodel;
		};
/* End XCVersionGroup section */
	};
	rootObject = A81AEEA61D0FFF2500159300 /* Project object */;
}
